
Microsoft Visual Studio Solution File, Format Version 12.00
# Visual Studio Version 16
VisualStudioVersion = 16.0.30114.105
MinimumVisualStudioVersion = 10.0.40219.1
Project("{FAE04EC0-301F-11D3-BF4B-00C04F79EFBC}") = "CarRentalSystem.Domain", "CarRentalSystem.Domain\CarRentalSystem.Domain.csproj", "{29B24D5B-6208-45F3-AC40-CA64E82CA309}"
EndProject
Global
	GlobalSection(SolutionConfigurationPlatforms) = preSolution
		Debug|Any CPU = Debug|Any CPU
		Release|Any CPU = Release|Any CPU
	EndGlobalSection
	GlobalSection(ProjectConfigurationPlatforms) = postSolution
		{29B24D5B-6208-45F3-AC40-CA64E82CA309}.Debug|Any CPU.ActiveCfg = Debug|Any CPU
		{29B24D5B-6208-45F3-AC40-CA64E82CA309}.Debug|Any CPU.Build.0 = Debug|Any CPU
		{29B24D5B-6208-45F3-AC40-CA64E82CA309}.Release|Any CPU.ActiveCfg = Release|Any CPU
		{29B24D5B-6208-45F3-AC40-CA64E82CA309}.Release|Any CPU.Build.0 = Release|Any CPU
	EndGlobalSection
	GlobalSection(SolutionProperties) = preSolution
		HideSolutionNode = FALSE
	EndGlobalSection
	GlobalSection(ExtensibilityGlobals) = postSolution
		SolutionGuid = {7C6C1ECF-5A22-482F-80D5-039B808E0CDC}
	EndGlobalSection
EndGlobal
